PODS:
  - OHHTTPStubs (9.1.0):
    - OHHTTPStubs/Default (= 9.1.0)
  - OHHTTPStubs/Core (9.1.0)
  - OHHTTPStubs/Default (9.1.0):
    - OHHTTPStubs/Core
    - OHHTTPStubs/JSON
    - OHHTTPStubs/NSURLSession
    - OHHTTPStubs/OHPathHelpers
  - OHHTTPStubs/JSON (9.1.0):
    - OHHTTPStubs/Core
  - OHHTTPStubs/NSURLSession (9.1.0):
    - OHHTTPStubs/Core
  - OHHTTPStubs/OHPathHelpers (9.1.0)
  - OHHTTPStubs/Swift (9.1.0):
    - OHHTTPStubs/Default
  - ronnie-ksh (1.0.0)

DEPENDENCIES:
  - OHHTTPStubs
  - OHHTTPStubs/Swift
  - ronnie-ksh (from `../`)

SPEC REPOS:
  trunk:
    - OHHTTPStubs

EXTERNAL SOURCES:
  ronnie-ksh:
    :path: "../"

SPEC CHECKSUMS:
  OHHTTPStubs: 90eac6d8f2c18317baeca36698523dc67c513831
  ronnie-ksh: 32453c6e5212034b70a680a7f10decec18f86f5b

PODFILE CHECKSUM: c7606b9d96f9ad5b14f74aaeefed3e39e3a72328

COCOAPODS: 1.10.1
